<Solution>
  <Project Path="Clinic.Application/Clinic.Application.csproj" />
  <Project Path="Clinic.Domain/Clinic.Domain.csproj" />
  <Project Path="Clinic.Infrastructure/Clinic.Infrastructure.csproj" />
  <Project Path="Clinic.Shared/Clinic.Shared.csproj" />
  <Project Path="Clinic.Web/Clinic.Web.csproj" />
</Solution>
